{
  "name": "gas-ics-sync",
  "version": "1.0.0",
  "lockfileVersion": 3,
  "requires": true,
  "packages": {
    "": {
      "name": "gas-ics-sync",
      "license": "GPL-3.0-only",
      "dependencies": {
        "clasp": "^1.0.0"
      }
    },
    "node_modules/clasp": {
      "version": "1.0.0",
      "resolved": "https://registry.npmjs.org/clasp/-/clasp-1.0.0.tgz",
      "integrity": "sha512-JkgxdZvYBtqIlGPvC5oRZ548eHpfx+81z5GXckpXcMkRTZDddkQfwK60w1YE32n8ovGoSW88pbsIvCPOKM6hyA==",
      "hasInstallScript": true,
      "license": "MIT"
    }
  }
}
